// !$*UTF8*$!
{
	archiveVersion = 1;
	classes = {
	};
	objectVersion = 46;
	objects = {

/* Begin PBXBuildFile section */
		DD2676BF1DC21FDD002F520A /* AppDelegate.swift in Sources */ = {isa = PBXBuildFile; fileRef = DD2676BE1DC21FDD002F520A /* AppDelegate.swift */; };
		DD2676C11DC21FDE002F520A /* ViewController.swift in Sources */ = {isa = PBXBuildFile; fileRef = DD2676C01DC21FDE002F520A /* ViewController.swift */; };
		DD2676C41DC21FDE002F520A /* Main.storyboard in Resources */ = {isa = PBXBuildFile; fileRef = DD2676C21DC21FDE002F520A /* Main.storyboard */; };
		DD2676C61DC21FDF002F520A /* Assets.xcassets in Resources */ = {isa = PBXBuildFile; fileRef = DD2676C51DC21FDF002F520A /* Assets.xcassets */; };
		DD2676C91DC21FDF002F520A /* LaunchScreen.storyboard in Resources */ = {isa = PBXBuildFile; fileRef = DD2676C71DC21FDF002F520A /* LaunchScreen.storyboard */; };
/* End PBXBuildFile section */

/* Begin PBXFileReference section */
		DD2676BB1DC21FDD002F520A /* CapCart.app */ = {isa = PBXFileReference; explicitFileType = wrapper.application; includeInIndex = 0; path = CapCart.app; sourceTree = BUILT_PRODUCTS_DIR; };
		DD2676BE1DC21FDD002F520A /* AppDelegate.swift */ = {isa = PBXFileReference; lastKnownFileType = sourcecode.swift; path = AppDelegate.swift; sourceTree = "<group>"; };
		DD2676C01DC21FDE002F520A /* ViewController.swift */ = {isa = PBXFileReference; lastKnownFileType = sourcecode.swift; path = ViewController.swift; sourceTree = "<group>"; };
		DD2676C31DC21FDE002F520A /* Base */ = {isa = PBXFileReference; lastKnownFileType = file.storyboard; name = Base; path = Base.lproj/Main.storyboard; sourceTree = "<group>"; };
		DD2676C51DC21FDF002F520A /* Assets.xcassets */ = {isa = PBXFileReference; lastKnownFileType = folder.assetcatalog; path = Assets.xcassets; sourceTree = "<group>"; };
		DD2676C81DC21FDF002F520A /* Base */ = {isa = PBXFileReference; lastKnownFileType = file.storyboard; name = Base; path = Base.lproj/LaunchScreen.storyboard; sourceTree = "<group>"; };
		DD2676CA1DC21FDF002F520A /* Info.plist */ = {isa = PBXFileReference; lastKnownFileType = text.plist.xml; path = Info.plist; sourceTree = "<group>"; };
/* End PBXFileReference section */

/* Begin PBXFrameworksBuildPhase section */
		DD2676B81DC21FDD002F520A /* Frameworks */ = {
			isa = PBXFrameworksBuildPhase;
			buildActionMask = 2147483647;
			files = (
			);
			runOnlyForDeploymentPostprocessing = 0;
		};
/* End PBXFrameworksBuildPhase section */

/* Begin PBXGroup section */
		DD2676B21DC21FDD002F520A = {
			isa = PBXGroup;
			children = (
				DD2676BD1DC21FDD002F520A /* CapCart */,
				DD2676BC1DC21FDD002F520A /* Products */,
			);
			sourceTree = "<group>";
		};
		DD2676BC1DC21FDD002F520A /* Products */ = {
			isa = PBXGroup;
			children = (
				DD2676BB1DC21FDD002F520A /* CapCart.app */,
			);
			name = Products;
			sourceTree = "<group>";
		};
		DD2676BD1DC21FDD002F520A /* CapCart */ = {
			isa = PBXGroup;
			children = (
				DD2676BE1DC21FDD002F520A /* AppDelegate.swift */,
				DD2676C01DC21FDE002F520A /* ViewController.swift */,
				DD2676C21DC21FDE002F520A /* Main.storyboard */,
				DD2676C51DC21FDF002F520A /* Assets.xcassets */,
				DD2676C71DC21FDF002F520A /* LaunchScreen.storyboard */,
				DD2676CA1DC21FDF002F520A /* Info.plist */,
			);
			path = CapCart;
			sourceTree = "<group>";
		};
/* End PBXGroup section */

/* Begin PBXNativeTarget section */
		DD2676BA1DC21FDD002F520A /* CapCart */ = {
			isa = PBXNativeTarget;
			buildConfigurationList = DD2676CD1DC21FDF002F520A /* Build configuration list for PBXNativeTarget "CapCart" */;
			buildPhases = (
				DD2676B71DC21FDD002F520A /* Sources */,
				DD2676B81DC21FDD002F520A /* Frameworks */,
				DD2676B91DC21FDD002F520A /* Resources */,
			);
			buildRules = (
			);
			dependencies = (
			);
			name = CapCart;
			productName = CapCart;
			productReference = DD2676BB1DC21FDD002F520A /* CapCart.app */;
			productType = "com.apple.product-type.application";
		};
/* End PBXNativeTarget section */

/* Begin PBXProject section */
		DD2676B31DC21FDD002F520A /* Project object */ = {
			isa = PBXProject;
			attributes = {
				LastSwiftUpdateCheck = 0800;
				LastUpgradeCheck = 0800;
				ORGANIZATIONNAME = "Mitul Manish";
				TargetAttributes = {
					DD2676BA1DC21FDD002F520A = {
						CreatedOnToolsVersion = 8.0;
						DevelopmentTeam = RNF8E69GKB;
						ProvisioningStyle = Automatic;
					};
				};
			};
			buildConfigurationList = DD2676B61DC21FDD002F520A /* Build configuration list for PBXProject "CapCart" */;
			compatibilityVersion = "Xcode 3.2";
			developmentRegion = English;
			hasScannedForEncodings = 0;
			knownRegions = (
				en,
				Base,
			);
			mainGroup = DD2676B21DC21FDD002F520A;
			productRefGroup = DD2676BC1DC21FDD002F520A /* Products */;
			projectDirPath = "";
			projectRoot = "";
			targets = (
				DD2676BA1DC21FDD002F520A /* CapCart */,
			);
		};
/* End PBXProject section */

/* Begin PBXResourcesBuildPhase section */
		DD2676B91DC21FDD002F520A /* Resources */ = {
			isa = PBXResourcesBuildPhase;
			buildActionMask = 2147483647;
			files = (
				DD2676C91DC21FDF002F520A /* LaunchScreen.storyboard in Resources */,
				DD2676C61DC21FDF002F520A /* Assets.xcassets in Resources */,
				DD2676C41DC21FDE002F520A /* Main.storyboard in Resources */,
			);
			runOnlyForDeploymentPostprocessing = 0;
		};
/* End PBXResourcesBuildPhase section */

/* Begin PBXSourcesBuildPhase section */
		DD2676B71DC21FDD002F520A /* Sources */ = {
			isa = PBXSourcesBuildPhase;
			buildActionMask = 2147483647;
			files = (
				DD2676C11DC21FDE002F520A /* ViewController.swift in Sources */,
				DD2676BF1DC21FDD002F520A /* AppDelegate.swift in Sources */,
			);
			runOnlyForDeploymentPostprocessing = 0;
		};
/* End PBXSourcesBuildPhase section */

/* Begin PBXVariantGroup section */
		DD2676C21DC21FDE002F520A /* Main.storyboard */ = {
			isa = PBXVariantGroup;
			children = (
				DD2676C31DC21FDE002F520A /* Base */,
			);
			name = Main.storyboard;
			sourceTree = "<group>";
		};
		DD2676C71DC21FDF002F520A /* LaunchScreen.storyboard */ = {
			isa = PBXVariantGroup;
			children = (
				DD2676C81DC21FDF002F520A /* Base */,
			);
			name = LaunchScreen.storyboard;
			sourceTree = "<group>";
		};
/* End PBXVariantGroup section */

/* Begin XCBuildConfiguration section */
		DD2676CB1DC21FDF002F520A /* Debug */ = {
			isa = XCBuildConfiguration;
			buildSettings = {
				ALWAYS_SEARCH_USER_PATHS = NO;
				CLANG_ANALYZER_NONNULL = YES;
				CLANG_CXX_LANGUAGE_STANDARD = "gnu++0x";
				CLANG_CXX_LIBRARY = "libc++";
				CLANG_ENABLE_MODULES = YES;
				CLANG_ENABLE_OBJC_ARC = YES;
				CLANG_WARN_BOOL_CONVERSION = YES;
				CLANG_WARN_CONSTANT_CONVERSION = YES;
				CLANG_WARN_DIRECT_OBJC_ISA_USAGE = YES_ERROR;
				CLANG_WARN_DOCUMENTATION_COMMENTS = YES;
				CLANG_WARN_EMPTY_BODY = YES;
				CLANG_WARN_ENUM_CONVERSION = YES;
				CLANG_WARN_INFINITE_RECURSION = YES;
				CLANG_WARN_INT_CONVERSION = YES;
				CLANG_WARN_OBJC_ROOT_CLASS = YES_ERROR;
				CLANG_WARN_SUSPICIOUS_MOVES = YES;
				CLANG_WARN_UNREACHABLE_CODE = YES;
				CLANG_WARN__DUPLICATE_METHOD_MATCH = YES;
				"CODE_SIGN_IDENTITY[sdk=iphoneos*]" = "iPhone Developer";
				COPY_PHASE_STRIP = NO;
				DEBUG_INFORMATION_FORMAT = dwarf;
				ENABLE_STRICT_OBJC_MSGSEND = YES;
				ENABLE_TESTABILITY = YES;
				GCC_C_LANGUAGE_STANDARD = gnu99;
				GCC_DYNAMIC_NO_PIC = NO;
				GCC_NO_COMMON_BLOCKS = YES;
				GCC_OPTIMIZATION_LEVEL = 0;
				GCC_PREPROCESSOR_DEFINITIONS = (
					"DEBUG=1",
					"$(inherited)",
				);
				GCC_WARN_64_TO_32_BIT_CONVERSION = YES;
				GCC_WARN_ABOUT_RETURN_TYPE = YES_ERROR;
				GCC_WARN_UNDECLARED_SELECTOR = YES;
				GCC_WARN_UNINITIALIZED_AUTOS = YES_AGGRESSIVE;
				GCC_WARN_UNUSED_FUNCTION = YES;
				GCC_WARN_UNUSED_VARIABLE = YES;
				IPHONEOS_DEPLOYMENT_TARGET = 10.0;
				MTL_ENABLE_DEBUG_INFO = YES;
				ONLY_ACTIVE_ARCH = YES;
				SDKROOT = iphoneos;
				SWIFT_ACTIVE_COMPILATION_CONDITIONS = DEBUG;
				SWIFT_OPTIMIZATION_LEVEL = "-Onone";
				TARGETED_DEVICE_FAMILY = "1,2";
			};
			name = Debug;
		};
		DD2676CC1DC21FDF002F520A /* Release */ = {
			isa = XCBuildConfiguration;
			buildSettings = {
				ALWAYS_SEARCH_USER_PATHS = NO;
				CLANG_ANALYZER_NONNULL = YES;
				CLANG_CXX_LANGUAGE_STANDARD = "gnu++0x";
				CLANG_CXX_LIBRARY = "libc++";
				CLANG_ENABLE_MODULES = YES;
				CLANG_ENABLE_OBJC_ARC = YES;
				CLANG_WARN_BOOL_CONVERSION = YES;
				CLANG_WARN_CONSTANT_CONVERSION = YES;
				CLANG_WARN_DIRECT_OBJC_ISA_USAGE = YES_ERROR;
				CLANG_WARN_DOCUMENTATION_COMMENTS = YES;
				CLANG_WARN_EMPTY_BODY = YES;
				CLANG_WARN_ENUM_CONVERSION = YES;
				CLANG_WARN_INFINITE_RECURSION = YES;
				CLANG_WARN_INT_CONVERSION = YES;
				CLANG_WARN_OBJC_ROOT_CLASS = YES_ERROR;
				CLANG_WARN_SUSPICIOUS_MOVES = YES;
				CLANG_WARN_UNREACHABLE_CODE = YES;
				CLANG_WARN__DUPLICATE_METHOD_MATCH = YES;
				"CODE_SIGN_IDENTITY[sdk=iphoneos*]" = "iPhone Developer";
				COPY_PHASE_STRIP = NO;
				DEBUG_INFORMATION_FORMAT = "dwarf-with-dsym";
				ENABLE_NS_ASSERTIONS = NO;
				ENABLE_STRICT_OBJC_MSGSEND = YES;
				GCC_C_LANGUAGE_STANDARD = gnu99;
				GCC_NO_COMMON_BLOCKS = YES;
				GCC_WARN_64_TO_32_BIT_CONVERSION = YES;
				GCC_WARN_ABOUT_RETURN_TYPE = YES_ERROR;
				GCC_WARN_UNDECLARED_SELECTOR = YES;
				GCC_WARN_UNINITIALIZED_AUTOS = YES_AGGRESSIVE;
				GCC_WARN_UNUSED_FUNCTION = YES;
				GCC_WARN_UNUSED_VARIABLE = YES;
				IPHONEOS_DEPLOYMENT_TARGET = 10.0;
				MTL_ENABLE_DEBUG_INFO = NO;
				SDKROOT = iphoneos;
				SWIFT_OPTIMIZATION_LEVEL = "-Owholemodule";
				TARGETED_DEVICE_FAMILY = "1,2";
				VALIDATE_PRODUCT = YES;
			};
			name = Release;
		};
		DD2676CE1DC21FDF002F520A /* Debug */ = {
			isa = XCBuildConfiguration;
			buildSettings = {
				ASSETCATALOG_COMPILER_APPICON_NAME = AppIcon;
				DEVELOPMENT_TEAM = RNF8E69GKB;
				INFOPLIST_FILE = CapCart/Info.plist;
				LD_RUNPATH_SEARCH_PATHS = "$(inherited) @executable_path/Frameworks";
				PRODUCT_BUNDLE_IDENTIFIER = com.mitulmanish.CapCart;
				PRODUCT_NAME = "$(TARGET_NAME)";
				SWIFT_VERSION = 3.0;
			};
			name = Debug;
		};
		DD2676CF1DC21FDF002F520A /* Release */ = {
			isa = XCBuildConfiguration;
			buildSettings = {
				ASSETCATALOG_COMPILER_APPICON_NAME = AppIcon;
				DEVELOPMENT_TEAM = RNF8E69GKB;
				INFOPLIST_FILE = CapCart/Info.plist;
				LD_RUNPATH_SEARCH_PATHS = "$(inherited) @executable_path/Frameworks";
				PRODUCT_BUNDLE_IDENTIFIER = com.mitulmanish.CapCart;
				PRODUCT_NAME = "$(TARGET_NAME)";
				SWIFT_VERSION = 3.0;
			};
			name = Release;
		};
/* End XCBuildConfiguration section */

/* Begin XCConfigurationList section */
		DD2676B61DC21FDD002F520A /* Build configuration list for PBXProject "CapCart" */ = {
			isa = XCConfigurationList;
			buildConfigurations = (
				DD2676CB1DC21FDF002F520A /* Debug */,
				DD2676CC1DC21FDF002F520A /* Release */,
			);
			defaultConfigurationIsVisible = 0;
			defaultConfigurationName = Release;
		};
		DD2676CD1DC21FDF002F520A /* Build configuration list for PBXNativeTarget "CapCart" */ = {
			isa = XCConfigurationList;
			buildConfigurations = (
				DD2676CE1DC21FDF002F520A /* Debug */,
				DD2676CF1DC21FDF002F520A /* Release */,
			);
			defaultConfigurationIsVisible = 0;
		};
/* End XCConfigurationList section */
	};
	rootObject = DD2676B31DC21FDD002F520A /* Project object */;
}
